{
  "name": "better-commit-emoji",
  "version": "2.4.0",
  "lockfileVersion": 1,
  "requires": true,
  "dependencies": {
    "emoji-named-characters": {
      "version": "1.0.2",
      "resolved": "https://registry.npmjs.org/emoji-named-characters/-/emoji-named-characters-1.0.2.tgz",
      "integrity": "sha1-zes20OZgAsS5178d+8Ohmft9QJs="
    },
    "lodash.shuffle": {
      "version": "4.2.0",
      "resolved": "https://registry.npmjs.org/lodash.shuffle/-/lodash.shuffle-4.2.0.tgz",
      "integrity": "sha1-FFtQU8+HX29cKjP0i26ZSMbse0s="
    },
    "random-emoji": {
      "version": "1.0.2",
      "resolved": "https://registry.npmjs.org/random-emoji/-/random-emoji-1.0.2.tgz",
      "integrity": "sha1-V4KYN39WurpF9q1Hl9oaAwMyHow=",
      "requires": {
        "emoji-named-characters": "^1.0.2",
        "lodash.shuffle": "^4.1.0"
      }
    }
  }
}
